
Microsoft Visual Studio Solution File, Format Version 12.00
# Visual Studio 15
VisualStudioVersion = 15.0.33403.129
MinimumVisualStudioVersion = 10.0.40219.1
Project("{FAE04EC0-301F-11D3-BF4B-00C04F79EFBC}") = "vroom", "vroom\vroom.csproj", "{B676445F-A5AD-4B17-A725-6D8BF148F81E}"
EndProject
Global
	GlobalSection(SolutionConfigurationPlatforms) = preSolution
		Debug|Any CPU = Debug|Any CPU
		Release|Any CPU = Release|Any CPU
	EndGlobalSection
	GlobalSection(ProjectConfigurationPlatforms) = postSolution
		{B676445F-A5AD-4B17-A725-6D8BF148F81E}.Debug|Any CPU.ActiveCfg = Debug|Any CPU
		{B676445F-A5AD-4B17-A725-6D8BF148F81E}.Debug|Any CPU.Build.0 = Debug|Any CPU
		{B676445F-A5AD-4B17-A725-6D8BF148F81E}.Release|Any CPU.ActiveCfg = Release|Any CPU
		{B676445F-A5AD-4B17-A725-6D8BF148F81E}.Release|Any CPU.Build.0 = Release|Any CPU
	EndGlobalSection
	GlobalSection(SolutionProperties) = preSolution
		HideSolutionNode = FALSE
	EndGlobalSection
	GlobalSection(ExtensibilityGlobals) = postSolution
		SolutionGuid = {926F1E47-7F48-43DC-AA15-DB11A56FA8F2}
	EndGlobalSection
EndGlobal
